{
  "version": 4,
  "terraform_version": "1.7.4",
  "serial": 35,
  "lineage": "11138102-ac23-c190-2d53-183f9ad9a627",
  "outputs": {
    "private_ip_apps": {
      "value": [
        "10.2.0.4"
      ],
      "type": [
        "list",
        "string"
      ]
    },
    "private_ip_db": {
      "value": [
        "10.3.0.2"
      ],
      "type": [
        "list",
        "string"
      ]
    },
    "public_ip_apps": {
      "value": [
        [
          "34.123.139.147"
        ]
      ],
      "type": [
        "list",
        [
          "list",
          "string"
        ]
      ]
    },
    "public_ip_db": {
      "value": [
        [
          "35.238.5.179"
        ]
      ],
      "type": [
        "list",
        [
          "list",
          "string"
        ]
      ]
    }
  },
  "resources": [
    {
      "mode": "data",
      "type": "google_compute_network",
      "name": "vpc_default",
      "provider": "provider[\"registry.terraform.io/hashicorp/google\"]",
      "instances": [
        {
          "schema_version": 0,
          "attributes": {
            "description": "Default network for the project",
            "gateway_ipv4": "",
            "id": "projects/cryptic-wonder-417007/global/networks/default",
            "internal_ipv6_range": "",
            "name": "default",
            "project": null,
            "self_link": "https://www.googleapis.com/compute/v1/projects/cryptic-wonder-417007/global/networks/default",
            "subnetworks_self_links": [
              "https://www.googleapis.com/compute/v1/projects/cryptic-wonder-417007/regions/europe-west8/subnetworks/default",
              "https://www.googleapis.com/compute/v1/projects/cryptic-wonder-417007/regions/europe-west10/subnetworks/default",
              "https://www.googleapis.com/compute/v1/projects/cryptic-wonder-417007/regions/europe-north1/subnetworks/default",
              "https://www.googleapis.com/compute/v1/projects/cryptic-wonder-417007/regions/europe-west6/subnetworks/default",
              "https://www.googleapis.com/compute/v1/projects/cryptic-wonder-417007/regions/asia-northeast1/subnetworks/default",
              "https://www.googleapis.com/compute/v1/projects/cryptic-wonder-417007/regions/us-west1/subnetworks/default",
              "https://www.googleapis.com/compute/v1/projects/cryptic-wonder-417007/regions/us-west3/subnetworks/default",
              "https://www.googleapis.com/compute/v1/projects/cryptic-wonder-417007/regions/us-central1/subnetworks/default",
              "https://www.googleapis.com/compute/v1/projects/cryptic-wonder-417007/regions/northamerica-northeast2/subnetworks/default",
              "https://www.googleapis.com/compute/v1/projects/cryptic-wonder-417007/regions/asia-southeast1/subnetworks/default",
              "https://www.googleapis.com/compute/v1/projects/cryptic-wonder-417007/regions/asia-southeast2/subnetworks/default",
              "https://www.googleapis.com/compute/v1/projects/cryptic-wonder-417007/regions/asia-south2/subnetworks/default",
              "https://www.googleapis.com/compute/v1/projects/cryptic-wonder-417007/regions/australia-southeast2/subnetworks/default",
              "https://www.googleapis.com/compute/v1/projects/cryptic-wonder-417007/regions/me-central1/subnetworks/default",
              "https://www.googleapis.com/compute/v1/projects/cryptic-wonder-417007/regions/us-east4/subnetworks/default",
              "https://www.googleapis.com/compute/v1/projects/cryptic-wonder-417007/regions/asia-northeast3/subnetworks/default",
              "https://www.googleapis.com/compute/v1/projects/cryptic-wonder-417007/regions/southamerica-west1/subnetworks/default",
              "https://www.googleapis.com/compute/v1/projects/cryptic-wonder-417007/regions/me-west1/subnetworks/default",
              "https://www.googleapis.com/compute/v1/projects/cryptic-wonder-417007/regions/us-west4/subnetworks/default",
              "https://www.googleapis.com/compute/v1/projects/cryptic-wonder-417007/regions/us-east7/subnetworks/default",
              "https://www.googleapis.com/compute/v1/projects/cryptic-wonder-417007/regions/us-east1/subnetworks/default",
              "https://www.googleapis.com/compute/v1/projects/cryptic-wonder-417007/regions/europe-west4/subnetworks/default",
              "https://www.googleapis.com/compute/v1/projects/cryptic-wonder-417007/regions/asia-northeast2/subnetworks/default",
              "https://www.googleapis.com/compute/v1/projects/cryptic-wonder-417007/regions/europe-west1/subnetworks/default",
              "https://www.googleapis.com/compute/v1/projects/cryptic-wonder-417007/regions/australia-southeast1/subnetworks/default",
              "https://www.googleapis.com/compute/v1/projects/cryptic-wonder-417007/regions/asia-east1/subnetworks/default",
              "https://www.googleapis.com/compute/v1/projects/cryptic-wonder-417007/regions/northamerica-northeast1/subnetworks/default",
              "https://www.googleapis.com/compute/v1/projects/cryptic-wonder-417007/regions/southamerica-east1/subnetworks/default",
              "https://www.googleapis.com/compute/v1/projects/cryptic-wonder-417007/regions/asia-east2/subnetworks/default",
              "https://www.googleapis.com/compute/v1/projects/cryptic-wonder-417007/regions/us-central1/subnetworks/subnet-testing",
              "https://www.googleapis.com/compute/v1/projects/cryptic-wonder-417007/regions/us-west2/subnetworks/default",
              "https://www.googleapis.com/compute/v1/projects/cryptic-wonder-417007/regions/us-south1/subnetworks/default",
              "https://www.googleapis.com/compute/v1/projects/cryptic-wonder-417007/regions/us-east5/subnetworks/default",
              "https://www.googleapis.com/compute/v1/projects/cryptic-wonder-417007/regions/europe-southwest1/subnetworks/default",
              "https://www.googleapis.com/compute/v1/projects/cryptic-wonder-417007/regions/asia-south1/subnetworks/default",
              "https://www.googleapis.com/compute/v1/projects/cryptic-wonder-417007/regions/europe-west2/subnetworks/default",
              "https://www.googleapis.com/compute/v1/projects/cryptic-wonder-417007/regions/me-central2/subnetworks/default",
              "https://www.googleapis.com/compute/v1/projects/cryptic-wonder-417007/regions/europe-west9/subnetworks/default",
              "https://www.googleapis.com/compute/v1/projects/cryptic-wonder-417007/regions/africa-south1/subnetworks/default",
              "https://www.googleapis.com/compute/v1/projects/cryptic-wonder-417007/regions/europe-west3/subnetworks/default",
              "https://www.googleapis.com/compute/v1/projects/cryptic-wonder-417007/regions/europe-central2/subnetworks/default",
              "https://www.googleapis.com/compute/v1/projects/cryptic-wonder-417007/regions/europe-west12/subnetworks/default",
              "https://www.googleapis.com/compute/v1/projects/cryptic-wonder-417007/regions/us-west8/subnetworks/default"
            ]
          },
          "sensitive_attributes": []
        }
      ]
    },
    {
      "mode": "managed",
      "type": "google_compute_firewall",
      "name": "dev_firewall",
      "provider": "provider[\"registry.terraform.io/hashicorp/google\"]",
      "instances": [
        {
          "schema_version": 1,
          "attributes": {
            "allow": [
              {
                "ports": [
                  "80",
                  "22",
                  "5432"
                ],
                "protocol": "tcp"
              },
              {
                "ports": [],
                "protocol": "icmp"
              }
            ],
            "creation_timestamp": "2024-03-13T06:53:38.761-07:00",
            "deny": [],
            "description": "",
            "destination_ranges": [],
            "direction": "INGRESS",
            "disabled": false,
            "enable_logging": null,
            "id": "projects/cryptic-wonder-417007/global/firewalls/dev-firewall",
            "log_config": [],
            "name": "dev-firewall",
            "network": "https://www.googleapis.com/compute/v1/projects/cryptic-wonder-417007/global/networks/vpc-dev",
            "priority": 1000,
            "project": "cryptic-wonder-417007",
            "self_link": "https://www.googleapis.com/compute/v1/projects/cryptic-wonder-417007/global/firewalls/dev-firewall",
            "source_ranges": [
              "0.0.0.0/0"
            ],
            "source_service_accounts": [],
            "source_tags": [],
            "target_service_accounts": [],
            "target_tags": [
              "development",
              "http-server"
            ],
            "timeouts": null
          },
          "sensitive_attributes": [],
          "private": "eyJlMmJmYjczMC1lY2FhLTExZTYtOGY4OC0zNDM2M2JjN2M0YzAiOnsiY3JlYXRlIjoxMjAwMDAwMDAwMDAwLCJkZWxldGUiOjEyMDAwMDAwMDAwMDAsInVwZGF0ZSI6MTIwMDAwMDAwMDAwMH0sInNjaGVtYV92ZXJzaW9uIjoiMSJ9",
          "dependencies": [
            "google_compute_network.network_development"
          ]
        }
      ]
    },
    {
      "mode": "managed",
      "type": "google_compute_instance",
      "name": "db_dev",
      "provider": "provider[\"registry.terraform.io/hashicorp/google\"]",
      "instances": [
        {
          "schema_version": 6,
          "attributes": {
            "advanced_machine_features": [],
            "allow_stopping_for_update": true,
            "attached_disk": [],
            "boot_disk": [
              {
                "auto_delete": true,
                "device_name": "persistent-disk-0",
                "disk_encryption_key_raw": "",
                "disk_encryption_key_sha256": "",
                "initialize_params": [
                  {
                    "enable_confidential_compute": false,
                    "image": "https://www.googleapis.com/compute/v1/projects/ubuntu-os-cloud/global/images/ubuntu-2204-jammy-v20240307",
                    "labels": {
                      "my_label": "development"
                    },
                    "provisioned_iops": 0,
                    "provisioned_throughput": 0,
                    "resource_manager_tags": {},
                    "size": 10,
                    "type": "pd-standard"
                  }
                ],
                "kms_key_self_link": "",
                "mode": "READ_WRITE",
                "source": "https://www.googleapis.com/compute/v1/projects/cryptic-wonder-417007/zones/us-central1-b/disks/db-dev-01"
              }
            ],
            "can_ip_forward": false,
            "confidential_instance_config": [],
            "cpu_platform": "Intel Broadwell",
            "current_status": "RUNNING",
            "deletion_protection": false,
            "description": "",
            "desired_status": null,
            "effective_labels": {},
            "enable_display": false,
            "guest_accelerator": [],
            "hostname": "",
            "id": "projects/cryptic-wonder-417007/zones/us-central1-b/instances/db-dev-01",
            "instance_id": "6423710759290408761",
            "label_fingerprint": "42WmSpB8rSM=",
            "labels": {},
            "machine_type": "e2-small",
            "metadata": {},
            "metadata_fingerprint": "aGQX0D5G5Sg=",
            "metadata_startup_script": "sudo apt update \u0026\u0026 sudo apt install postgresql",
            "min_cpu_platform": "",
            "name": "db-dev-01",
            "network_interface": [
              {
                "access_config": [
                  {
                    "nat_ip": "35.238.5.179",
                    "network_tier": "PREMIUM",
                    "public_ptr_domain_name": ""
                  }
                ],
                "alias_ip_range": [],
                "internal_ipv6_prefix_length": 0,
                "ipv6_access_config": [],
                "ipv6_access_type": "",
                "ipv6_address": "",
                "name": "nic0",
                "network": "https://www.googleapis.com/compute/v1/projects/cryptic-wonder-417007/global/networks/vpc-dev",
                "network_ip": "10.3.0.2",
                "nic_type": "",
                "queue_count": 0,
                "stack_type": "IPV4_ONLY",
                "subnetwork": "https://www.googleapis.com/compute/v1/projects/cryptic-wonder-417007/regions/us-central1/subnetworks/subnet-db",
                "subnetwork_project": "cryptic-wonder-417007"
              }
            ],
            "network_performance_config": [],
            "params": [],
            "project": "cryptic-wonder-417007",
            "reservation_affinity": [],
            "resource_policies": [],
            "scheduling": [
              {
                "automatic_restart": true,
                "instance_termination_action": "",
                "local_ssd_recovery_timeout": [],
                "min_node_cpus": 0,
                "node_affinities": [],
                "on_host_maintenance": "MIGRATE",
                "preemptible": false,
                "provisioning_model": "STANDARD"
              }
            ],
            "scratch_disk": [],
            "self_link": "https://www.googleapis.com/compute/v1/projects/cryptic-wonder-417007/zones/us-central1-b/instances/db-dev-01",
            "service_account": [],
            "shielded_instance_config": [
              {
                "enable_integrity_monitoring": true,
                "enable_secure_boot": false,
                "enable_vtpm": true
              }
            ],
            "tags": [
              "db-server",
              "development",
              "transaction"
            ],
            "tags_fingerprint": "G4bZjD6Vn2o=",
            "terraform_labels": {},
            "timeouts": null,
            "zone": "us-central1-b"
          },
          "sensitive_attributes": [],
          "private": "eyJlMmJmYjczMC1lY2FhLTExZTYtOGY4OC0zNDM2M2JjN2M0YzAiOnsiY3JlYXRlIjoxMjAwMDAwMDAwMDAwLCJkZWxldGUiOjEyMDAwMDAwMDAwMDAsInVwZGF0ZSI6MTIwMDAwMDAwMDAwMH0sInNjaGVtYV92ZXJzaW9uIjoiNiJ9",
          "dependencies": [
            "google_compute_network.network_development",
            "google_compute_subnetwork.subnet_db_dev"
          ]
        }
      ]
    },
    {
      "mode": "managed",
      "type": "google_compute_instance",
      "name": "default",
      "provider": "provider[\"registry.terraform.io/hashicorp/google\"]",
      "instances": [
        {
          "schema_version": 6,
          "attributes": {
            "advanced_machine_features": [],
            "allow_stopping_for_update": null,
            "attached_disk": [],
            "boot_disk": [
              {
                "auto_delete": true,
                "device_name": "persistent-disk-0",
                "disk_encryption_key_raw": "",
                "disk_encryption_key_sha256": "",
                "initialize_params": [
                  {
                    "enable_confidential_compute": false,
                    "image": "https://www.googleapis.com/compute/v1/projects/debian-cloud/global/images/debian-11-bullseye-v20240312",
                    "labels": {
                      "my_label": "development"
                    },
                    "provisioned_iops": 0,
                    "provisioned_throughput": 0,
                    "resource_manager_tags": {},
                    "size": 10,
                    "type": "pd-standard"
                  }
                ],
                "kms_key_self_link": "",
                "mode": "READ_WRITE",
                "source": "https://www.googleapis.com/compute/v1/projects/cryptic-wonder-417007/zones/us-central1-a/disks/apps-dev-02"
              }
            ],
            "can_ip_forward": false,
            "confidential_instance_config": [],
            "cpu_platform": "Intel Broadwell",
            "current_status": "RUNNING",
            "deletion_protection": false,
            "description": "",
            "desired_status": null,
            "effective_labels": {},
            "enable_display": false,
            "guest_accelerator": [],
            "hostname": "",
            "id": "projects/cryptic-wonder-417007/zones/us-central1-a/instances/apps-dev-02",
            "instance_id": "6633848309194426409",
            "label_fingerprint": "42WmSpB8rSM=",
            "labels": {},
            "machine_type": "e2-micro",
            "metadata": {},
            "metadata_fingerprint": "QxDDlaGu9o8=",
            "metadata_startup_script": "sudo apt update \u0026\u0026 sudo apt install nginx",
            "min_cpu_platform": "",
            "name": "apps-dev-02",
            "network_interface": [
              {
                "access_config": [
                  {
                    "nat_ip": "34.123.139.147",
                    "network_tier": "PREMIUM",
                    "public_ptr_domain_name": ""
                  }
                ],
                "alias_ip_range": [],
                "internal_ipv6_prefix_length": 0,
                "ipv6_access_config": [],
                "ipv6_access_type": "",
                "ipv6_address": "",
                "name": "nic0",
                "network": "https://www.googleapis.com/compute/v1/projects/cryptic-wonder-417007/global/networks/vpc-dev",
                "network_ip": "10.2.0.4",
                "nic_type": "",
                "queue_count": 0,
                "stack_type": "IPV4_ONLY",
                "subnetwork": "https://www.googleapis.com/compute/v1/projects/cryptic-wonder-417007/regions/us-central1/subnetworks/subnet-apps",
                "subnetwork_project": "cryptic-wonder-417007"
              }
            ],
            "network_performance_config": [],
            "params": [],
            "project": "cryptic-wonder-417007",
            "reservation_affinity": [],
            "resource_policies": [],
            "scheduling": [
              {
                "automatic_restart": true,
                "instance_termination_action": "",
                "local_ssd_recovery_timeout": [],
                "min_node_cpus": 0,
                "node_affinities": [],
                "on_host_maintenance": "MIGRATE",
                "preemptible": false,
                "provisioning_model": "STANDARD"
              }
            ],
            "scratch_disk": [],
            "self_link": "https://www.googleapis.com/compute/v1/projects/cryptic-wonder-417007/zones/us-central1-a/instances/apps-dev-02",
            "service_account": [],
            "shielded_instance_config": [
              {
                "enable_integrity_monitoring": true,
                "enable_secure_boot": false,
                "enable_vtpm": true
              }
            ],
            "tags": [
              "development",
              "http-server",
              "landingpage"
            ],
            "tags_fingerprint": "VvoEIDOb27o=",
            "terraform_labels": {},
            "timeouts": null,
            "zone": "us-central1-a"
          },
          "sensitive_attributes": [],
          "private": "eyJlMmJmYjczMC1lY2FhLTExZTYtOGY4OC0zNDM2M2JjN2M0YzAiOnsiY3JlYXRlIjoxMjAwMDAwMDAwMDAwLCJkZWxldGUiOjEyMDAwMDAwMDAwMDAsInVwZGF0ZSI6MTIwMDAwMDAwMDAwMH0sInNjaGVtYV92ZXJzaW9uIjoiNiJ9",
          "dependencies": [
            "google_compute_network.network_development",
            "google_compute_subnetwork.subnet_apps_dev"
          ]
        }
      ]
    },
    {
      "mode": "managed",
      "type": "google_compute_network",
      "name": "network_development",
      "provider": "provider[\"registry.terraform.io/hashicorp/google\"]",
      "instances": [
        {
          "schema_version": 0,
          "attributes": {
            "auto_create_subnetworks": false,
            "delete_default_routes_on_create": false,
            "description": "",
            "enable_ula_internal_ipv6": false,
            "gateway_ipv4": "",
            "id": "projects/cryptic-wonder-417007/global/networks/vpc-dev",
            "internal_ipv6_range": "",
            "mtu": 0,
            "name": "vpc-dev",
            "network_firewall_policy_enforcement_order": "AFTER_CLASSIC_FIREWALL",
            "numeric_id": "1604946517638780660",
            "project": "cryptic-wonder-417007",
            "routing_mode": "REGIONAL",
            "self_link": "https://www.googleapis.com/compute/v1/projects/cryptic-wonder-417007/global/networks/vpc-dev",
            "timeouts": null
          },
          "sensitive_attributes": [],
          "private": "eyJlMmJmYjczMC1lY2FhLTExZTYtOGY4OC0zNDM2M2JjN2M0YzAiOnsiY3JlYXRlIjoxMjAwMDAwMDAwMDAwLCJkZWxldGUiOjEyMDAwMDAwMDAwMDAsInVwZGF0ZSI6MTIwMDAwMDAwMDAwMH19"
        }
      ]
    },
    {
      "mode": "managed",
      "type": "google_compute_subnetwork",
      "name": "subnet_apps_dev",
      "provider": "provider[\"registry.terraform.io/hashicorp/google\"]",
      "instances": [
        {
          "schema_version": 0,
          "attributes": {
            "creation_timestamp": "2024-03-13T06:23:54.398-07:00",
            "description": "",
            "external_ipv6_prefix": "",
            "fingerprint": null,
            "gateway_address": "10.2.0.1",
            "id": "projects/cryptic-wonder-417007/regions/us-central1/subnetworks/subnet-apps",
            "internal_ipv6_prefix": "",
            "ip_cidr_range": "10.2.0.0/24",
            "ipv6_access_type": "",
            "ipv6_cidr_range": "",
            "log_config": [],
            "name": "subnet-apps",
            "network": "https://www.googleapis.com/compute/v1/projects/cryptic-wonder-417007/global/networks/vpc-dev",
            "private_ip_google_access": false,
            "private_ipv6_google_access": "DISABLE_GOOGLE_ACCESS",
            "project": "cryptic-wonder-417007",
            "purpose": "PRIVATE",
            "region": "us-central1",
            "role": "",
            "secondary_ip_range": [],
            "self_link": "https://www.googleapis.com/compute/v1/projects/cryptic-wonder-417007/regions/us-central1/subnetworks/subnet-apps",
            "stack_type": "IPV4_ONLY",
            "timeouts": null
          },
          "sensitive_attributes": [],
          "private": "eyJlMmJmYjczMC1lY2FhLTExZTYtOGY4OC0zNDM2M2JjN2M0YzAiOnsiY3JlYXRlIjoxMjAwMDAwMDAwMDAwLCJkZWxldGUiOjEyMDAwMDAwMDAwMDAsInVwZGF0ZSI6MTIwMDAwMDAwMDAwMH19",
          "dependencies": [
            "google_compute_network.network_development"
          ]
        }
      ]
    },
    {
      "mode": "managed",
      "type": "google_compute_subnetwork",
      "name": "subnet_db_dev",
      "provider": "provider[\"registry.terraform.io/hashicorp/google\"]",
      "instances": [
        {
          "schema_version": 0,
          "attributes": {
            "creation_timestamp": "2024-03-13T06:25:43.017-07:00",
            "description": "",
            "external_ipv6_prefix": "",
            "fingerprint": null,
            "gateway_address": "10.3.0.1",
            "id": "projects/cryptic-wonder-417007/regions/us-central1/subnetworks/subnet-db",
            "internal_ipv6_prefix": "",
            "ip_cidr_range": "10.3.0.0/24",
            "ipv6_access_type": "",
            "ipv6_cidr_range": "",
            "log_config": [],
            "name": "subnet-db",
            "network": "https://www.googleapis.com/compute/v1/projects/cryptic-wonder-417007/global/networks/vpc-dev",
            "private_ip_google_access": false,
            "private_ipv6_google_access": "DISABLE_GOOGLE_ACCESS",
            "project": "cryptic-wonder-417007",
            "purpose": "PRIVATE",
            "region": "us-central1",
            "role": "",
            "secondary_ip_range": [],
            "self_link": "https://www.googleapis.com/compute/v1/projects/cryptic-wonder-417007/regions/us-central1/subnetworks/subnet-db",
            "stack_type": "IPV4_ONLY",
            "timeouts": null
          },
          "sensitive_attributes": [],
          "private": "eyJlMmJmYjczMC1lY2FhLTExZTYtOGY4OC0zNDM2M2JjN2M0YzAiOnsiY3JlYXRlIjoxMjAwMDAwMDAwMDAwLCJkZWxldGUiOjEyMDAwMDAwMDAwMDAsInVwZGF0ZSI6MTIwMDAwMDAwMDAwMH19",
          "dependencies": [
            "google_compute_network.network_development"
          ]
        }
      ]
    },
    {
      "mode": "managed",
      "type": "google_compute_subnetwork",
      "name": "subnet_testing",
      "provider": "provider[\"registry.terraform.io/hashicorp/google\"]",
      "instances": [
        {
          "schema_version": 0,
          "attributes": {
            "creation_timestamp": "2024-03-13T07:09:59.563-07:00",
            "description": "",
            "external_ipv6_prefix": "",
            "fingerprint": null,
            "gateway_address": "192.168.1.1",
            "id": "projects/cryptic-wonder-417007/regions/us-central1/subnetworks/subnet-testing",
            "internal_ipv6_prefix": "",
            "ip_cidr_range": "192.168.1.0/24",
            "ipv6_access_type": "",
            "ipv6_cidr_range": "",
            "log_config": [],
            "name": "subnet-testing",
            "network": "https://www.googleapis.com/compute/v1/projects/cryptic-wonder-417007/global/networks/default",
            "private_ip_google_access": false,
            "private_ipv6_google_access": "DISABLE_GOOGLE_ACCESS",
            "project": "cryptic-wonder-417007",
            "purpose": "PRIVATE",
            "region": "us-central1",
            "role": "",
            "secondary_ip_range": [],
            "self_link": "https://www.googleapis.com/compute/v1/projects/cryptic-wonder-417007/regions/us-central1/subnetworks/subnet-testing",
            "stack_type": "IPV4_ONLY",
            "timeouts": null
          },
          "sensitive_attributes": [],
          "private": "eyJlMmJmYjczMC1lY2FhLTExZTYtOGY4OC0zNDM2M2JjN2M0YzAiOnsiY3JlYXRlIjoxMjAwMDAwMDAwMDAwLCJkZWxldGUiOjEyMDAwMDAwMDAwMDAsInVwZGF0ZSI6MTIwMDAwMDAwMDAwMH19",
          "dependencies": [
            "data.google_compute_network.vpc_default"
          ]
        }
      ]
    }
  ],
  "check_results": null
}
